// !$*UTF8*$!
{
	archiveVersion = 1;
	classes = {
	};
	objectVersion = 50;
	objects = {

/* Begin PBXBuildFile section */
		6337A0E82106AA7900BEE35F /* AppDelegate.swift in Sources */ = {isa = PBXBuildFile; fileRef = 6337A0E72106AA7900BEE35F /* AppDelegate.swift */; };
		6337A0EA2106AA7900BEE35F /* ViewController.swift in Sources */ = {isa = PBXBuildFile; fileRef = 6337A0E92106AA7900BEE35F /* ViewController.swift */; };
		6337A0ED2106AA7900BEE35F /* Main.storyboard in Resources */ = {isa = PBXBuildFile; fileRef = 6337A0EB2106AA7900BEE35F /* Main.storyboard */; };
		6337A0EF2106AA7B00BEE35F /* Assets.xcassets in Resources */ = {isa = PBXBuildFile; fileRef = 6337A0EE2106AA7B00BEE35F /* Assets.xcassets */; };
		6373978E2110820C00B102AA /* PlayersTableViewController.swift in Sources */ = {isa = PBXBuildFile; fileRef = 6373978D2110820C00B102AA /* PlayersTableViewController.swift */; };
		637397902110826A00B102AA /* Player.swift in Sources */ = {isa = PBXBuildFile; fileRef = 6373978F2110826A00B102AA /* Player.swift */; };
		637397952110836800B102AA /* SampleData.swift in Sources */ = {isa = PBXBuildFile; fileRef = 637397942110836800B102AA /* SampleData.swift */; };
/* End PBXBuildFile section */

/* Begin PBXFileReference section */
		6337A0E42106AA7900BEE35F /* storyboardDemo.app */ = {isa = PBXFileReference; explicitFileType = wrapper.application; includeInIndex = 0; path = storyboardDemo.app; sourceTree = BUILT_PRODUCTS_DIR; };
		6337A0E72106AA7900BEE35F /* AppDelegate.swift */ = {isa = PBXFileReference; lastKnownFileType = sourcecode.swift; path = AppDelegate.swift; sourceTree = "<group>"; };
		6337A0E92106AA7900BEE35F /* ViewController.swift */ = {isa = PBXFileReference; lastKnownFileType = sourcecode.swift; path = ViewController.swift; sourceTree = "<group>"; };
		6337A0EC2106AA7900BEE35F /* Base */ = {isa = PBXFileReference; lastKnownFileType = file.storyboard; name = Base; path = Base.lproj/Main.storyboard; sourceTree = "<group>"; };
		6337A0EE2106AA7B00BEE35F /* Assets.xcassets */ = {isa = PBXFileReference; lastKnownFileType = folder.assetcatalog; path = Assets.xcassets; sourceTree = "<group>"; };
		6337A0F32106AA7B00BEE35F /* Info.plist */ = {isa = PBXFileReference; lastKnownFileType = text.plist.xml; path = Info.plist; sourceTree = "<group>"; };
		6373978D2110820C00B102AA /* PlayersTableViewController.swift */ = {isa = PBXFileReference; lastKnownFileType = sourcecode.swift; path = PlayersTableViewController.swift; sourceTree = "<group>"; };
		6373978F2110826A00B102AA /* Player.swift */ = {isa = PBXFileReference; lastKnownFileType = sourcecode.swift; path = Player.swift; sourceTree = "<group>"; };
		637397942110836800B102AA /* SampleData.swift */ = {isa = PBXFileReference; lastKnownFileType = sourcecode.swift; path = SampleData.swift; sourceTree = "<group>"; };
/* End PBXFileReference section */

/* Begin PBXFrameworksBuildPhase section */
		6337A0E12106AA7900BEE35F /* Frameworks */ = {
			isa = PBXFrameworksBuildPhase;
			buildActionMask = 2147483647;
			files = (
			);
			runOnlyForDeploymentPostprocessing = 0;
		};
/* End PBXFrameworksBuildPhase section */

/* Begin PBXGroup section */
		6337A0DB2106AA7900BEE35F = {
			isa = PBXGroup;
			children = (
				6337A0E62106AA7900BEE35F /* storyboardDemo */,
				6337A0E52106AA7900BEE35F /* Products */,
			);
			sourceTree = "<group>";
		};
		6337A0E52106AA7900BEE35F /* Products */ = {
			isa = PBXGroup;
			children = (
				6337A0E42106AA7900BEE35F /* storyboardDemo.app */,
			);
			name = Products;
			sourceTree = "<group>";
		};
		6337A0E62106AA7900BEE35F /* storyboardDemo */ = {
			isa = PBXGroup;
			children = (
				6337A0E72106AA7900BEE35F /* AppDelegate.swift */,
				6337A0E92106AA7900BEE35F /* ViewController.swift */,
				6337A0EB2106AA7900BEE35F /* Main.storyboard */,
				6337A0EE2106AA7B00BEE35F /* Assets.xcassets */,
				6337A0F32106AA7B00BEE35F /* Info.plist */,
				6373978D2110820C00B102AA /* PlayersTableViewController.swift */,
				6373978F2110826A00B102AA /* Player.swift */,
				637397942110836800B102AA /* SampleData.swift */,
			);
			path = storyboardDemo;
			sourceTree = "<group>";
		};
/* End PBXGroup section */

/* Begin PBXNativeTarget section */
		6337A0E32106AA7900BEE35F /* storyboardDemo */ = {
			isa = PBXNativeTarget;
			buildConfigurationList = 6337A0F62106AA7B00BEE35F /* Build configuration list for PBXNativeTarget "storyboardDemo" */;
			buildPhases = (
				6337A0E02106AA7900BEE35F /* Sources */,
				6337A0E12106AA7900BEE35F /* Frameworks */,
				6337A0E22106AA7900BEE35F /* Resources */,
			);
			buildRules = (
			);
			dependencies = (
			);
			name = storyboardDemo;
			productName = storyboardDemo;
			productReference = 6337A0E42106AA7900BEE35F /* storyboardDemo.app */;
			productType = "com.apple.product-type.application";
		};
/* End PBXNativeTarget section */

/* Begin PBXProject section */
		6337A0DC2106AA7900BEE35F /* Project object */ = {
			isa = PBXProject;
			attributes = {
				LastSwiftUpdateCheck = 0940;
				LastUpgradeCheck = 0940;
				ORGANIZATIONNAME = david;
				TargetAttributes = {
					6337A0E32106AA7900BEE35F = {
						CreatedOnToolsVersion = 9.4.1;
					};
				};
			};
			buildConfigurationList = 6337A0DF2106AA7900BEE35F /* Build configuration list for PBXProject "storyboardDemo" */;
			compatibilityVersion = "Xcode 9.3";
			developmentRegion = en;
			hasScannedForEncodings = 0;
			knownRegions = (
				en,
				Base,
			);
			mainGroup = 6337A0DB2106AA7900BEE35F;
			productRefGroup = 6337A0E52106AA7900BEE35F /* Products */;
			projectDirPath = "";
			projectRoot = "";
			targets = (
				6337A0E32106AA7900BEE35F /* storyboardDemo */,
			);
		};
/* End PBXProject section */

/* Begin PBXResourcesBuildPhase section */
		6337A0E22106AA7900BEE35F /* Resources */ = {
			isa = PBXResourcesBuildPhase;
			buildActionMask = 2147483647;
			files = (
				6337A0EF2106AA7B00BEE35F /* Assets.xcassets in Resources */,
				6337A0ED2106AA7900BEE35F /* Main.storyboard in Resources */,
			);
			runOnlyForDeploymentPostprocessing = 0;
		};
/* End PBXResourcesBuildPhase section */

/* Begin PBXSourcesBuildPhase section */
		6337A0E02106AA7900BEE35F /* Sources */ = {
			isa = PBXSourcesBuildPhase;
			buildActionMask = 2147483647;
			files = (
				637397902110826A00B102AA /* Player.swift in Sources */,
				6337A0EA2106AA7900BEE35F /* ViewController.swift in Sources */,
				6337A0E82106AA7900BEE35F /* AppDelegate.swift in Sources */,
				637397952110836800B102AA /* SampleData.swift in Sources */,
				6373978E2110820C00B102AA /* PlayersTableViewController.swift in Sources */,
			);
			runOnlyForDeploymentPostprocessing = 0;
		};
/* End PBXSourcesBuildPhase section */

/* Begin PBXVariantGroup section */
		6337A0EB2106AA7900BEE35F /* Main.storyboard */ = {
			isa = PBXVariantGroup;
			children = (
				6337A0EC2106AA7900BEE35F /* Base */,
			);
			name = Main.storyboard;
			sourceTree = "<group>";
		};
/* End PBXVariantGroup section */

/* Begin XCBuildConfiguration section */
		6337A0F42106AA7B00BEE35F /* Debug */ = {
			isa = XCBuildConfiguration;
			buildSettings = {
				ALWAYS_SEARCH_USER_PATHS = NO;
				CLANG_ANALYZER_NONNULL = YES;
				CLANG_ANALYZER_NUMBER_OBJECT_CONVERSION = YES_AGGRESSIVE;
				CLANG_CXX_LANGUAGE_STANDARD = "gnu++14";
				CLANG_CXX_LIBRARY = "libc++";
				CLANG_ENABLE_MODULES = YES;
				CLANG_ENABLE_OBJC_ARC = YES;
				CLANG_ENABLE_OBJC_WEAK = YES;
				CLANG_WARN_BLOCK_CAPTURE_AUTORELEASING = YES;
				CLANG_WARN_BOOL_CONVERSION = YES;
				CLANG_WARN_COMMA = YES;
				CLANG_WARN_CONSTANT_CONVERSION = YES;
				CLANG_WARN_DEPRECATED_OBJC_IMPLEMENTATIONS = YES;
				CLANG_WARN_DIRECT_OBJC_ISA_USAGE = YES_ERROR;
				CLANG_WARN_DOCUMENTATION_COMMENTS = YES;
				CLANG_WARN_EMPTY_BODY = YES;
				CLANG_WARN_ENUM_CONVERSION = YES;
				CLANG_WARN_INFINITE_RECURSION = YES;
				CLANG_WARN_INT_CONVERSION = YES;
				CLANG_WARN_NON_LITERAL_NULL_CONVERSION = YES;
				CLANG_WARN_OBJC_IMPLICIT_RETAIN_SELF = YES;
				CLANG_WARN_OBJC_LITERAL_CONVERSION = YES;
				CLANG_WARN_OBJC_ROOT_CLASS = YES_ERROR;
				CLANG_WARN_RANGE_LOOP_ANALYSIS = YES;
				CLANG_WARN_STRICT_PROTOTYPES = YES;
				CLANG_WARN_SUSPICIOUS_MOVE = YES;
				CLANG_WARN_UNGUARDED_AVAILABILITY = YES_AGGRESSIVE;
				CLANG_WARN_UNREACHABLE_CODE = YES;
				CLANG_WARN__DUPLICATE_METHOD_MATCH = YES;
				CODE_SIGN_IDENTITY = "iPhone Developer";
				COPY_PHASE_STRIP = NO;
				DEBUG_INFORMATION_FORMAT = dwarf;
				ENABLE_STRICT_OBJC_MSGSEND = YES;
				ENABLE_TESTABILITY = YES;
				GCC_C_LANGUAGE_STANDARD = gnu11;
				GCC_DYNAMIC_NO_PIC = NO;
				GCC_NO_COMMON_BLOCKS = YES;
				GCC_OPTIMIZATION_LEVEL = 0;
				GCC_PREPROCESSOR_DEFINITIONS = (
					"DEBUG=1",
					"$(inherited)",
				);
				GCC_WARN_64_TO_32_BIT_CONVERSION = YES;
				GCC_WARN_ABOUT_RETURN_TYPE = YES_ERROR;
				GCC_WARN_UNDECLARED_SELECTOR = YES;
				GCC_WARN_UNINITIALIZED_AUTOS = YES_AGGRESSIVE;
				GCC_WARN_UNUSED_FUNCTION = YES;
				GCC_WARN_UNUSED_VARIABLE = YES;
				IPHONEOS_DEPLOYMENT_TARGET = 11.4;
				MTL_ENABLE_DEBUG_INFO = YES;
				ONLY_ACTIVE_ARCH = YES;
				SDKROOT = iphoneos;
				SWIFT_ACTIVE_COMPILATION_CONDITIONS = DEBUG;
				SWIFT_OPTIMIZATION_LEVEL = "-Onone";
			};
			name = Debug;
		};
		6337A0F52106AA7B00BEE35F /* Release */ = {
			isa = XCBuildConfiguration;
			buildSettings = {
				ALWAYS_SEARCH_USER_PATHS = NO;
				CLANG_ANALYZER_NONNULL = YES;
				CLANG_ANALYZER_NUMBER_OBJECT_CONVERSION = YES_AGGRESSIVE;
				CLANG_CXX_LANGUAGE_STANDARD = "gnu++14";
				CLANG_CXX_LIBRARY = "libc++";
				CLANG_ENABLE_MODULES = YES;
				CLANG_ENABLE_OBJC_ARC = YES;
				CLANG_ENABLE_OBJC_WEAK = YES;
				CLANG_WARN_BLOCK_CAPTURE_AUTORELEASING = YES;
				CLANG_WARN_BOOL_CONVERSION = YES;
				CLANG_WARN_COMMA = YES;
				CLANG_WARN_CONSTANT_CONVERSION = YES;
				CLANG_WARN_DEPRECATED_OBJC_IMPLEMENTATIONS = YES;
				CLANG_WARN_DIRECT_OBJC_ISA_USAGE = YES_ERROR;
				CLANG_WARN_DOCUMENTATION_COMMENTS = YES;
				CLANG_WARN_EMPTY_BODY = YES;
				CLANG_WARN_ENUM_CONVERSION = YES;
				CLANG_WARN_INFINITE_RECURSION = YES;
				CLANG_WARN_INT_CONVERSION = YES;
				CLANG_WARN_NON_LITERAL_NULL_CONVERSION = YES;
				CLANG_WARN_OBJC_IMPLICIT_RETAIN_SELF = YES;
				CLANG_WARN_OBJC_LITERAL_CONVERSION = YES;
				CLANG_WARN_OBJC_ROOT_CLASS = YES_ERROR;
				CLANG_WARN_RANGE_LOOP_ANALYSIS = YES;
				CLANG_WARN_STRICT_PROTOTYPES = YES;
				CLANG_WARN_SUSPICIOUS_MOVE = YES;
				CLANG_WARN_UNGUARDED_AVAILABILITY = YES_AGGRESSIVE;
				CLANG_WARN_UNREACHABLE_CODE = YES;
				CLANG_WARN__DUPLICATE_METHOD_MATCH = YES;
				CODE_SIGN_IDENTITY = "iPhone Developer";
				COPY_PHASE_STRIP = NO;
				DEBUG_INFORMATION_FORMAT = "dwarf-with-dsym";
				ENABLE_NS_ASSERTIONS = NO;
				ENABLE_STRICT_OBJC_MSGSEND = YES;
				GCC_C_LANGUAGE_STANDARD = gnu11;
				GCC_NO_COMMON_BLOCKS = YES;
				GCC_WARN_64_TO_32_BIT_CONVERSION = YES;
				GCC_WARN_ABOUT_RETURN_TYPE = YES_ERROR;
				GCC_WARN_UNDECLARED_SELECTOR = YES;
				GCC_WARN_UNINITIALIZED_AUTOS = YES_AGGRESSIVE;
				GCC_WARN_UNUSED_FUNCTION = YES;
				GCC_WARN_UNUSED_VARIABLE = YES;
				IPHONEOS_DEPLOYMENT_TARGET = 11.4;
				MTL_ENABLE_DEBUG_INFO = NO;
				SDKROOT = iphoneos;
				SWIFT_COMPILATION_MODE = wholemodule;
				SWIFT_OPTIMIZATION_LEVEL = "-O";
				VALIDATE_PRODUCT = YES;
			};
			name = Release;
		};
		6337A0F72106AA7B00BEE35F /* Debug */ = {
			isa = XCBuildConfiguration;
			buildSettings = {
				ASSETCATALOG_COMPILER_APPICON_NAME = AppIcon;
				CODE_SIGN_STYLE = Automatic;
				DEVELOPMENT_TEAM = PG9MNKPBLQ;
				INFOPLIST_FILE = storyboardDemo/Info.plist;
				LD_RUNPATH_SEARCH_PATHS = (
					"$(inherited)",
					"@executable_path/Frameworks",
				);
				PRODUCT_BUNDLE_IDENTIFIER = david.storyboardDemo;
				PRODUCT_NAME = "$(TARGET_NAME)";
				SWIFT_VERSION = 4.0;
				TARGETED_DEVICE_FAMILY = "1,2";
			};
			name = Debug;
		};
		6337A0F82106AA7B00BEE35F /* Release */ = {
			isa = XCBuildConfiguration;
			buildSettings = {
				ASSETCATALOG_COMPILER_APPICON_NAME = AppIcon;
				CODE_SIGN_STYLE = Automatic;
				DEVELOPMENT_TEAM = PG9MNKPBLQ;
				INFOPLIST_FILE = storyboardDemo/Info.plist;
				LD_RUNPATH_SEARCH_PATHS = (
					"$(inherited)",
					"@executable_path/Frameworks",
				);
				PRODUCT_BUNDLE_IDENTIFIER = david.storyboardDemo;
				PRODUCT_NAME = "$(TARGET_NAME)";
				SWIFT_VERSION = 4.0;
				TARGETED_DEVICE_FAMILY = "1,2";
			};
			name = Release;
		};
/* End XCBuildConfiguration section */

/* Begin XCConfigurationList section */
		6337A0DF2106AA7900BEE35F /* Build configuration list for PBXProject "storyboardDemo" */ = {
			isa = XCConfigurationList;
			buildConfigurations = (
				6337A0F42106AA7B00BEE35F /* Debug */,
				6337A0F52106AA7B00BEE35F /* Release */,
			);
			defaultConfigurationIsVisible = 0;
			defaultConfigurationName = Release;
		};
		6337A0F62106AA7B00BEE35F /* Build configuration list for PBXNativeTarget "storyboardDemo" */ = {
			isa = XCConfigurationList;
			buildConfigurations = (
				6337A0F72106AA7B00BEE35F /* Debug */,
				6337A0F82106AA7B00BEE35F /* Release */,
			);
			defaultConfigurationIsVisible = 0;
			defaultConfigurationName = Release;
		};
/* End XCConfigurationList section */
	};
	rootObject = 6337A0DC2106AA7900BEE35F /* Project object */;
}
